
Microsoft Visual Studio Solution File, Format Version 12.00
# Visual Studio Version 16
VisualStudioVersion = 16.0.32106.194
MinimumVisualStudioVersion = 10.0.40219.1
Project("{FAE04EC0-301F-11D3-BF4B-00C04F79EFBC}") = "NyamNyam", "NyamNyam\NyamNyam.csproj", "{29A097E9-CAB7-4F96-81DF-E2456590F70D}"
EndProject
Global
	GlobalSection(SolutionConfigurationPlatforms) = preSolution
		Debug|Any CPU = Debug|Any CPU
		Release|Any CPU = Release|Any CPU
	EndGlobalSection
	GlobalSection(ProjectConfigurationPlatforms) = postSolution
		{29A097E9-CAB7-4F96-81DF-E2456590F70D}.Debug|Any CPU.ActiveCfg = Debug|Any CPU
		{29A097E9-CAB7-4F96-81DF-E2456590F70D}.Debug|Any CPU.Build.0 = Debug|Any CPU
		{29A097E9-CAB7-4F96-81DF-E2456590F70D}.Release|Any CPU.ActiveCfg = Release|Any CPU
		{29A097E9-CAB7-4F96-81DF-E2456590F70D}.Release|Any CPU.Build.0 = Release|Any CPU
	EndGlobalSection
	GlobalSection(SolutionProperties) = preSolution
		HideSolutionNode = FALSE
	EndGlobalSection
	GlobalSection(ExtensibilityGlobals) = postSolution
		SolutionGuid = {6B248871-488E-419F-8D15-11311FCB21B1}
	EndGlobalSection
EndGlobal
